PODS:
  - Alamofire (4.5.1)
  - AMProgressBar (0.1.0)
  - Arrow (3.0.5)
  - Bolts (1.9.0):
    - Bolts/AppLinks (= 1.9.0)
    - Bolts/Tasks (= 1.9.0)
  - Bolts/AppLinks (1.9.0):
    - Bolts/Tasks
  - Bolts/Tasks (1.9.0)
  - CodableFirebase (0.0.3)
  - Cosmos (15.0.0)
  - Crashlytics (3.10.2):
    - Fabric (~> 1.7.7)
  - Eureka (4.1.1)
  - Fabric (1.7.7)
  - FacebookCore (0.3.0):
    - Bolts (~> 1.8)
    - FBSDKCoreKit (~> 4.27)
  - FacebookLogin (0.3.0):
    - Bolts (~> 1.8)
    - FacebookCore (~> 0.3)
    - FBSDKCoreKit (~> 4.27)
    - FBSDKLoginKit (~> 4.27)
  - FacebookShare (0.3.0):
    - Bolts (~> 1.8)
    - FacebookCore (~> 0.3)
    - FBSDKCoreKit (~> 4.27)
    - FBSDKShareKit (~> 4.27)
  - FBSDKCoreKit (4.29.0):
    - Bolts (~> 1.7)
  - FBSDKLoginKit (4.29.0):
    - FBSDKCoreKit
  - FBSDKShareKit (4.29.0):
    - FBSDKCoreKit
  - Firebase/Auth (4.8.0):
    - Firebase/Core
    - FirebaseAuth (= 4.4.1)
  - Firebase/Core (4.8.0):
    - FirebaseAnalytics (= 4.0.5)
    - FirebaseCore (= 4.0.13)
  - Firebase/Database (4.8.0):
    - Firebase/Core
    - FirebaseDatabase (= 4.1.3)
  - Firebase/Messaging (4.8.0):
    - Firebase/Core
    - FirebaseMessaging (= 2.0.8)
  - Firebase/Storage (4.8.0):
    - Firebase/Core
    - FirebaseStorage (= 2.1.1)
  - FirebaseAnalytics (4.0.5):
    - FirebaseCore (~> 4.0)
    - FirebaseInstanceID (~> 2.0)
    - "GoogleToolboxForMac/NSData+zlib (~> 2.1)"
    - nanopb (~> 0.3)
  - FirebaseAuth (4.4.1):
    - FirebaseAnalytics (~> 4.0)
    - "GoogleToolboxForMac/NSDictionary+URLArguments (~> 2.1)"
    - GTMSessionFetcher/Core (~> 1.1)
  - FirebaseCore (4.0.13):
    - "GoogleToolboxForMac/NSData+zlib (~> 2.1)"
  - FirebaseDatabase (4.1.3):
    - FirebaseAnalytics (~> 4.0)
    - FirebaseCore (~> 4.0)
    - leveldb-library (~> 1.18)
  - FirebaseInstanceID (2.0.8):
    - FirebaseCore (~> 4.0)
  - FirebaseMessaging (2.0.8):
    - FirebaseAnalytics (~> 4.0)
    - FirebaseCore (~> 4.0)
    - FirebaseInstanceID (~> 2.0)
    - GoogleToolboxForMac/Logger (~> 2.1)
    - Protobuf (~> 3.1)
  - FirebaseStorage (2.1.1):
    - FirebaseAnalytics (~> 4.0)
    - FirebaseCore (~> 4.0)
    - GTMSessionFetcher/Core (~> 1.1)
  - GoogleToolboxForMac/DebugUtils (2.1.3):
    - GoogleToolboxForMac/Defines (= 2.1.3)
  - GoogleToolboxForMac/Defines (2.1.3)
  - GoogleToolboxForMac/Logger (2.1.3):
    - GoogleToolboxForMac/Defines (= 2.1.3)
  - "GoogleToolboxForMac/NSData+zlib (2.1.3)":
    - GoogleToolboxForMac/Defines (= 2.1.3)
  - "GoogleToolboxForMac/NSDictionary+URLArguments (2.1.3)":
    - GoogleToolboxForMac/DebugUtils (= 2.1.3)
    - GoogleToolboxForMac/Defines (= 2.1.3)
    - "GoogleToolboxForMac/NSString+URLArguments (= 2.1.3)"
  - "GoogleToolboxForMac/NSString+URLArguments (2.1.3)"
  - GSKStretchyHeaderView (1.0.4)
  - GTMSessionFetcher/Core (1.1.12)
  - Hero (1.0.1)
  - leveldb-library (1.20)
  - nanopb (0.3.8):
    - nanopb/decode (= 0.3.8)
    - nanopb/encode (= 0.3.8)
  - nanopb/decode (0.3.8)
  - nanopb/encode (0.3.8)
  - Popover (1.2.0)
  - Protobuf (3.5.0)
  - RKPieChart (0.0.1)
  - RSKImageCropper (2.0.0)
  - SteviaLayout (4.2.0)
  - SVProgressHUD (2.2.2)
  - SwiftySound (1.0.0)
  - TagCellLayout (1.0)
  - thenPromise (4.0.0)
  - ws (3.1.0):
    - Alamofire (~> 4.5.1)
    - Arrow (~> 3.0.5)
    - thenPromise (~> 4.0.0)

DEPENDENCIES:
  - AMProgressBar
  - CodableFirebase
  - Cosmos (~> 15.0)
  - Crashlytics (~> 3.10.2)
  - Eureka
  - Fabric (~> 1.7.7)
  - FacebookCore
  - FacebookLogin
  - FacebookShare
  - Firebase/Auth
  - Firebase/Core
  - Firebase/Database
  - Firebase/Messaging
  - Firebase/Storage
  - GSKStretchyHeaderView
  - Hero
  - Popover
  - RKPieChart
  - RSKImageCropper
  - SteviaLayout
  - SVProgressHUD
  - SwiftySound
  - TagCellLayout (from `https://github.com/riteshhgupta/TagCellLayout.git`)
  - ws (from `https://github.com/freshOS/ws`)

SPEC REPOS:
  https://github.com/CocoaPods/Specs.git:
    - Alamofire
    - AMProgressBar
    - Arrow
    - Bolts
    - CodableFirebase
    - Cosmos
    - Crashlytics
    - Eureka
    - Fabric
    - FacebookCore
    - FacebookLogin
    - FacebookShare
    - FBSDKCoreKit
    - FBSDKLoginKit
    - FBSDKShareKit
    - Firebase
    - FirebaseAnalytics
    - FirebaseAuth
    - FirebaseCore
    - FirebaseDatabase
    - FirebaseInstanceID
    - FirebaseMessaging
    - FirebaseStorage
    - GoogleToolboxForMac
    - GSKStretchyHeaderView
    - GTMSessionFetcher
    - Hero
    - leveldb-library
    - nanopb
    - Popover
    - Protobuf
    - RKPieChart
    - RSKImageCropper
    - SteviaLayout
    - SVProgressHUD
    - SwiftySound
    - thenPromise

EXTERNAL SOURCES:
  TagCellLayout:
    :git: https://github.com/riteshhgupta/TagCellLayout.git
  ws:
    :git: https://github.com/freshOS/ws

CHECKOUT OPTIONS:
  TagCellLayout:
    :commit: c8a143743b0761606fd36872808ea239c0215a60
    :git: https://github.com/riteshhgupta/TagCellLayout.git
  ws:
    :commit: 7c56bcbd57c6f385b9b0b2b3e2d9c3631dbd90bd
    :git: https://github.com/freshOS/ws

SPEC CHECKSUMS:
  Alamofire: 2d95912bf4c34f164fdfc335872e8c312acaea4a
  AMProgressBar: 3f4671c4af4cb4fc9864ddc0a688450c8c7d1561
  Arrow: b696d6173296da330d1a995019db42f693249cd6
  Bolts: ac6567323eac61e203f6a9763667d0f711be34c8
  CodableFirebase: 8310f6336b2f6aba70b023389bee2a104b6a9033
  Cosmos: a6dbd3d0baa0cc8f51f8598f7508d5a09d0a9ade
  Crashlytics: 0360624eea1c978a743feddb2fb1ef8b37fb7a0d
  Eureka: b88fb930e42c79f8c03c373d0fcdc28c1d6c50ed
  Fabric: bda89e242bce1b7b8ab264248cf3407774ce0095
  FacebookCore: 3ffa190a3f1f96cec0e44d3fc221bc322c595ffa
  FacebookLogin: 0af839ea858faef99550d16596b87b4a8e8906e6
  FacebookShare: 0469964297ebd75f052be2c5083389a4208e82b7
  FBSDKCoreKit: 6f139173dc63a1deaff4430a55f2fe5bb222d2af
  FBSDKLoginKit: 56a057ca6822535ea0faa25f57a7c41edb697fd4
  FBSDKShareKit: 18a2cd118aef11dd657fe7e8b64bae5c719088b2
  Firebase: 710decbbc6d9d48530e9a5dba3209740c3532e05
  FirebaseAnalytics: 5b02a63ead2c3f0259cfc7f15e053e440587ecf8
  FirebaseAuth: dc0dd403beca5b2b016aac89c2d0b8dad1c81926
  FirebaseCore: 3c02ec652db3d03fdc8bc6d9154af3e20d64b6f5
  FirebaseDatabase: 7088bfc4af2cc00231bb36e1404fc2d7509eb4dc
  FirebaseInstanceID: 81df5805a08001e69138664bdd02c6719a9ac80f
  FirebaseMessaging: dfdcd307c2382290a1e297a81d0f18370f5b1bcd
  FirebaseStorage: ab08d1c93a2feffa038fdd6693088b310ab1e6c6
  GoogleToolboxForMac: 2501e2ad72a52eb3dfe7bd9aee7dad11b858bd20
  GSKStretchyHeaderView: 9743704c12bdc9cf7c7947bad3af8bf24f7061e3
  GTMSessionFetcher: ebaa1f79a5366922c1735f1566901f50beba23b7
  Hero: cee286821578e170d8c0c9c9cda7897357401112
  leveldb-library: 08cba283675b7ed2d99629a4bc5fd052cd2bb6a5
  nanopb: 5601e6bca2dbf1ed831b519092ec110f66982ca3
  Popover: 28c1ac8e937ab2b3965bd2da7dd18324357abc41
  Protobuf: 8a9838fba8dae3389230e1b7f8c104aa32389c03
  RKPieChart: 8e643c505d24e61574f3a2fd6bd807403840b24b
  RSKImageCropper: d9a1acbc0600bf8decc8f0d21895872c99a9e4cf
  SteviaLayout: 0d2112caea45707695e8c718262c8ea3dd37ef17
  SVProgressHUD: 59b2d3dabacbd051576d21d32293ca7228dc18b0
  SwiftySound: b9c3370956fd4ed65ed79d45563070077a50a2cd
  TagCellLayout: 2a6e3f022bb85a5fe8ccc71762d2e8ab1bbfd8a3
  thenPromise: 7093eaa2d2da9fef15240ccc48a213dc2e7befb1
  ws: b4ba7990810def956eab2af2b97a85646b164fe2

PODFILE CHECKSUM: 3ee54f8630914ad7588805ae4e29cf2d6b2cfeb9

COCOAPODS: 1.5.0
