// !$*UTF8*$!
{
	archiveVersion = 1;
	classes = {
	};
	objectVersion = 48;
	objects = {

/* Begin PBXBuildFile section */
		0B8E4AF661AB1469B5814402 /* Pods_TastyTraveler.framework in Frameworks */ = {isa = PBXBuildFile; fileRef = 7DFE2A8B0B8A5D546F40C336 /* Pods_TastyTraveler.framework */; };
		2A0B4DF7205988510056F7D5 /* Constants.swift in Sources */ = {isa = PBXBuildFile; fileRef = 2A0B4DF6205988510056F7D5 /* Constants.swift */; };
		2A0B4E012059979B0056F7D5 /* FavoritesVC.swift in Sources */ = {isa = PBXBuildFile; fileRef = 2A0B4E002059979B0056F7D5 /* FavoritesVC.swift */; };
		2A0B4E052059A6BA0056F7D5 /* HomeVC.swift in Sources */ = {isa = PBXBuildFile; fileRef = 2A0B4E042059A6BA0056F7D5 /* HomeVC.swift */; };
		2A0B4E072059B8ED0056F7D5 /* ProfileVC.swift in Sources */ = {isa = PBXBuildFile; fileRef = 2A0B4E062059B8ED0056F7D5 /* ProfileVC.swift */; };
		2A0B4E0A205ACEB20056F7D5 /* HomeHeaderView.swift in Sources */ = {isa = PBXBuildFile; fileRef = 2A0B4E09205ACEB20056F7D5 /* HomeHeaderView.swift */; };
		2A0B4E0C205ACF210056F7D5 /* BaseCell.swift in Sources */ = {isa = PBXBuildFile; fileRef = 2A0B4E0B205ACF210056F7D5 /* BaseCell.swift */; };
		2A0B4E0E205AFDDC0056F7D5 /* RecipeCell.swift in Sources */ = {isa = PBXBuildFile; fileRef = 2A0B4E0D205AFDDC0056F7D5 /* RecipeCell.swift */; };
		2A0B4E10205B02050056F7D5 /* CustomImageView.swift in Sources */ = {isa = PBXBuildFile; fileRef = 2A0B4E0F205B02050056F7D5 /* CustomImageView.swift */; };
		2A54A964205076FB008255A9 /* proximanova-bold-webfont.ttf in Resources */ = {isa = PBXBuildFile; fileRef = 2A54A95F205076FA008255A9 /* proximanova-bold-webfont.ttf */; };
		2A54A965205076FB008255A9 /* proximanova-light-webfont.ttf in Resources */ = {isa = PBXBuildFile; fileRef = 2A54A960205076FA008255A9 /* proximanova-light-webfont.ttf */; };
		2A54A966205076FB008255A9 /* proximanova-regular-webfont.ttf in Resources */ = {isa = PBXBuildFile; fileRef = 2A54A961205076FA008255A9 /* proximanova-regular-webfont.ttf */; };
		2A54A967205076FB008255A9 /* proximanova-regularitalic-webfont.ttf in Resources */ = {isa = PBXBuildFile; fileRef = 2A54A962205076FB008255A9 /* proximanova-regularitalic-webfont.ttf */; };
		2A54A968205076FB008255A9 /* proximanova-semibold-webfont.ttf in Resources */ = {isa = PBXBuildFile; fileRef = 2A54A963205076FB008255A9 /* proximanova-semibold-webfont.ttf */; };
		2A54A96A205077CE008255A9 /* MainTabBarController.swift in Sources */ = {isa = PBXBuildFile; fileRef = 2A54A969205077CE008255A9 /* MainTabBarController.swift */; };
		2A54A96C20508408008255A9 /* OnboardingCollectionVC.swift in Sources */ = {isa = PBXBuildFile; fileRef = 2A54A96B20508408008255A9 /* OnboardingCollectionVC.swift */; };
		2A54A96E2051915A008255A9 /* Images.xcassets in Resources */ = {isa = PBXBuildFile; fileRef = 2A54A96D2051915A008255A9 /* Images.xcassets */; };
		2A54A9702051BFAA008255A9 /* Extensions.swift in Sources */ = {isa = PBXBuildFile; fileRef = 2A54A96F2051BFAA008255A9 /* Extensions.swift */; };
		2A54A9722052E474008255A9 /* SignInVC.swift in Sources */ = {isa = PBXBuildFile; fileRef = 2A54A9712052E474008255A9 /* SignInVC.swift */; };
		2A665AC92069A0460014A464 /* TagCell.swift in Sources */ = {isa = PBXBuildFile; fileRef = 2A665AC82069A0460014A464 /* TagCell.swift */; };
		2A665ACB2069B2F10014A464 /* FirebaseController.swift in Sources */ = {isa = PBXBuildFile; fileRef = 2A665ACA2069B2F10014A464 /* FirebaseController.swift */; };
		2A665AD0206C17D70014A464 /* RecipeDetailVC.swift in Sources */ = {isa = PBXBuildFile; fileRef = 2A665ACF206C17D70014A464 /* RecipeDetailVC.swift */; };
		2A665AD2206C1C790014A464 /* RecipeHeaderView.swift in Sources */ = {isa = PBXBuildFile; fileRef = 2A665AD1206C1C790014A464 /* RecipeHeaderView.swift */; };
		2A665AD4206D8BBB0014A464 /* MenuBar.swift in Sources */ = {isa = PBXBuildFile; fileRef = 2A665AD3206D8BBB0014A464 /* MenuBar.swift */; };
		2A665AD6206D8ECD0014A464 /* AboutCell.swift in Sources */ = {isa = PBXBuildFile; fileRef = 2A665AD5206D8ECD0014A464 /* AboutCell.swift */; };
		2A665AD8206D8EE10014A464 /* IngredientsCell.swift in Sources */ = {isa = PBXBuildFile; fileRef = 2A665AD7206D8EE10014A464 /* IngredientsCell.swift */; };
		2A665ADA206D8EF90014A464 /* DirectionsCell.swift in Sources */ = {isa = PBXBuildFile; fileRef = 2A665AD9206D8EF90014A464 /* DirectionsCell.swift */; };
		2A784E522049BFFC00A47C16 /* GoogleService-Info-Dev.plist in Resources */ = {isa = PBXBuildFile; fileRef = 2A784E512049BFFC00A47C16 /* GoogleService-Info-Dev.plist */; };
		2A784E542049C00500A47C16 /* GoogleService-Info.plist in Resources */ = {isa = PBXBuildFile; fileRef = 2A784E532049C00500A47C16 /* GoogleService-Info.plist */; };
		2A805AE42049BF45004BEEF3 /* AppDelegate.swift in Sources */ = {isa = PBXBuildFile; fileRef = 2A805AE32049BF45004BEEF3 /* AppDelegate.swift */; };
		2A805AE92049BF45004BEEF3 /* Main.storyboard in Resources */ = {isa = PBXBuildFile; fileRef = 2A805AE72049BF45004BEEF3 /* Main.storyboard */; };
		2A805AEE2049BF45004BEEF3 /* LaunchScreen.storyboard in Resources */ = {isa = PBXBuildFile; fileRef = 2A805AEC2049BF45004BEEF3 /* LaunchScreen.storyboard */; };
		2AA251E920600DFC00BA9775 /* Recipe.swift in Sources */ = {isa = PBXBuildFile; fileRef = 2AA251E820600DFC00BA9775 /* Recipe.swift */; };
		2AA252092062A7C300BA9775 /* CreateRecipeVC.swift in Sources */ = {isa = PBXBuildFile; fileRef = 2AA252082062A7C300BA9775 /* CreateRecipeVC.swift */; };
		2AA2520D2062BC9500BA9775 /* CreateRecipeForm.swift in Sources */ = {isa = PBXBuildFile; fileRef = 2AA2520C2062BC9500BA9775 /* CreateRecipeForm.swift */; };
		2AA2521120647F6F00BA9775 /* TextInputView.swift in Sources */ = {isa = PBXBuildFile; fileRef = 2AA2521020647F6F00BA9775 /* TextInputView.swift */; };
		2AC67E2B2086A2F700C0E828 /* FiltersLauncher.swift in Sources */ = {isa = PBXBuildFile; fileRef = 2AC67E2A2086A2F700C0E828 /* FiltersLauncher.swift */; };
		2AD34F0D204F0AB3004F2EF3 /* User.swift in Sources */ = {isa = PBXBuildFile; fileRef = 2AD34F0C204F0AB3004F2EF3 /* User.swift */; };
		2AD34F10204F0AE7004F2EF3 /* AccountAccessVC.swift in Sources */ = {isa = PBXBuildFile; fileRef = 2AD34F0F204F0AE7004F2EF3 /* AccountAccessVC.swift */; };
		2ADA49B720570EF70024C8EE /* SignUpVC.swift in Sources */ = {isa = PBXBuildFile; fileRef = 2ADA49B620570EF70024C8EE /* SignUpVC.swift */; };
		2ADA49BA20572D240024C8EE /* OnboardingCell.swift in Sources */ = {isa = PBXBuildFile; fileRef = 2ADA49B920572D240024C8EE /* OnboardingCell.swift */; };
		2ADA49BC20572DA20024C8EE /* Validator.swift in Sources */ = {isa = PBXBuildFile; fileRef = 2ADA49BB20572DA20024C8EE /* Validator.swift */; };
		2AEF1C6A2056E667001DBB98 /* GradientButton.swift in Sources */ = {isa = PBXBuildFile; fileRef = 2AEF1C692056E667001DBB98 /* GradientButton.swift */; };
/* End PBXBuildFile section */

/* Begin PBXFileReference section */
		2A0B4DF6205988510056F7D5 /* Constants.swift */ = {isa = PBXFileReference; lastKnownFileType = sourcecode.swift; path = Constants.swift; sourceTree = "<group>"; };
		2A0B4E002059979B0056F7D5 /* FavoritesVC.swift */ = {isa = PBXFileReference; lastKnownFileType = sourcecode.swift; path = FavoritesVC.swift; sourceTree = "<group>"; };
		2A0B4E042059A6BA0056F7D5 /* HomeVC.swift */ = {isa = PBXFileReference; fileEncoding = 4; lastKnownFileType = sourcecode.swift; path = HomeVC.swift; sourceTree = "<group>"; };
		2A0B4E062059B8ED0056F7D5 /* ProfileVC.swift */ = {isa = PBXFileReference; lastKnownFileType = sourcecode.swift; path = ProfileVC.swift; sourceTree = "<group>"; };
		2A0B4E09205ACEB20056F7D5 /* HomeHeaderView.swift */ = {isa = PBXFileReference; lastKnownFileType = sourcecode.swift; path = HomeHeaderView.swift; sourceTree = "<group>"; };
		2A0B4E0B205ACF210056F7D5 /* BaseCell.swift */ = {isa = PBXFileReference; lastKnownFileType = sourcecode.swift; path = BaseCell.swift; sourceTree = "<group>"; };
		2A0B4E0D205AFDDC0056F7D5 /* RecipeCell.swift */ = {isa = PBXFileReference; lastKnownFileType = sourcecode.swift; path = RecipeCell.swift; sourceTree = "<group>"; };
		2A0B4E0F205B02050056F7D5 /* CustomImageView.swift */ = {isa = PBXFileReference; lastKnownFileType = sourcecode.swift; path = CustomImageView.swift; sourceTree = "<group>"; };
		2A54A95F205076FA008255A9 /* proximanova-bold-webfont.ttf */ = {isa = PBXFileReference; lastKnownFileType = file; path = "proximanova-bold-webfont.ttf"; sourceTree = "<group>"; };
		2A54A960205076FA008255A9 /* proximanova-light-webfont.ttf */ = {isa = PBXFileReference; lastKnownFileType = file; path = "proximanova-light-webfont.ttf"; sourceTree = "<group>"; };
		2A54A961205076FA008255A9 /* proximanova-regular-webfont.ttf */ = {isa = PBXFileReference; lastKnownFileType = file; path = "proximanova-regular-webfont.ttf"; sourceTree = "<group>"; };
		2A54A962205076FB008255A9 /* proximanova-regularitalic-webfont.ttf */ = {isa = PBXFileReference; lastKnownFileType = file; path = "proximanova-regularitalic-webfont.ttf"; sourceTree = "<group>"; };
		2A54A963205076FB008255A9 /* proximanova-semibold-webfont.ttf */ = {isa = PBXFileReference; lastKnownFileType = file; path = "proximanova-semibold-webfont.ttf"; sourceTree = "<group>"; };
		2A54A969205077CE008255A9 /* MainTabBarController.swift */ = {isa = PBXFileReference; lastKnownFileType = sourcecode.swift; path = MainTabBarController.swift; sourceTree = "<group>"; };
		2A54A96B20508408008255A9 /* OnboardingCollectionVC.swift */ = {isa = PBXFileReference; lastKnownFileType = sourcecode.swift; path = OnboardingCollectionVC.swift; sourceTree = "<group>"; };
		2A54A96D2051915A008255A9 /* Images.xcassets */ = {isa = PBXFileReference; lastKnownFileType = folder.assetcatalog; path = Images.xcassets; sourceTree = "<group>"; };
		2A54A96F2051BFAA008255A9 /* Extensions.swift */ = {isa = PBXFileReference; lastKnownFileType = sourcecode.swift; path = Extensions.swift; sourceTree = "<group>"; };
		2A54A9712052E474008255A9 /* SignInVC.swift */ = {isa = PBXFileReference; lastKnownFileType = sourcecode.swift; path = SignInVC.swift; sourceTree = "<group>"; };
		2A665AC82069A0460014A464 /* TagCell.swift */ = {isa = PBXFileReference; lastKnownFileType = sourcecode.swift; path = TagCell.swift; sourceTree = "<group>"; };
		2A665ACA2069B2F10014A464 /* FirebaseController.swift */ = {isa = PBXFileReference; lastKnownFileType = sourcecode.swift; path = FirebaseController.swift; sourceTree = "<group>"; };
		2A665ACF206C17D70014A464 /* RecipeDetailVC.swift */ = {isa = PBXFileReference; lastKnownFileType = sourcecode.swift; path = RecipeDetailVC.swift; sourceTree = "<group>"; };
		2A665AD1206C1C790014A464 /* RecipeHeaderView.swift */ = {isa = PBXFileReference; lastKnownFileType = sourcecode.swift; path = RecipeHeaderView.swift; sourceTree = "<group>"; };
		2A665AD3206D8BBB0014A464 /* MenuBar.swift */ = {isa = PBXFileReference; lastKnownFileType = sourcecode.swift; path = MenuBar.swift; sourceTree = "<group>"; };
		2A665AD5206D8ECD0014A464 /* AboutCell.swift */ = {isa = PBXFileReference; lastKnownFileType = sourcecode.swift; path = AboutCell.swift; sourceTree = "<group>"; };
		2A665AD7206D8EE10014A464 /* IngredientsCell.swift */ = {isa = PBXFileReference; lastKnownFileType = sourcecode.swift; path = IngredientsCell.swift; sourceTree = "<group>"; };
		2A665AD9206D8EF90014A464 /* DirectionsCell.swift */ = {isa = PBXFileReference; lastKnownFileType = sourcecode.swift; path = DirectionsCell.swift; sourceTree = "<group>"; };
		2A784E512049BFFC00A47C16 /* GoogleService-Info-Dev.plist */ = {isa = PBXFileReference; fileEncoding = 4; lastKnownFileType = text.plist.xml; path = "GoogleService-Info-Dev.plist"; sourceTree = "<group>"; };
		2A784E532049C00500A47C16 /* GoogleService-Info.plist */ = {isa = PBXFileReference; fileEncoding = 4; lastKnownFileType = text.plist.xml; path = "GoogleService-Info.plist"; sourceTree = "<group>"; };
		2A805AE02049BF45004BEEF3 /* TastyTraveler.app */ = {isa = PBXFileReference; explicitFileType = wrapper.application; includeInIndex = 0; path = TastyTraveler.app; sourceTree = BUILT_PRODUCTS_DIR; };
		2A805AE32049BF45004BEEF3 /* AppDelegate.swift */ = {isa = PBXFileReference; lastKnownFileType = sourcecode.swift; path = AppDelegate.swift; sourceTree = "<group>"; };
		2A805AE82049BF45004BEEF3 /* Base */ = {isa = PBXFileReference; lastKnownFileType = file.storyboard; name = Base; path = Base.lproj/Main.storyboard; sourceTree = "<group>"; };
		2A805AED2049BF45004BEEF3 /* Base */ = {isa = PBXFileReference; lastKnownFileType = file.storyboard; name = Base; path = Base.lproj/LaunchScreen.storyboard; sourceTree = "<group>"; };
		2A805AEF2049BF45004BEEF3 /* Info.plist */ = {isa = PBXFileReference; lastKnownFileType = text.plist.xml; path = Info.plist; sourceTree = "<group>"; };
		2A8133C8205067ED0009016B /* TastyTraveler.entitlements */ = {isa = PBXFileReference; lastKnownFileType = text.plist.entitlements; path = TastyTraveler.entitlements; sourceTree = "<group>"; };
		2AA251E820600DFC00BA9775 /* Recipe.swift */ = {isa = PBXFileReference; lastKnownFileType = sourcecode.swift; path = Recipe.swift; sourceTree = "<group>"; };
		2AA252082062A7C300BA9775 /* CreateRecipeVC.swift */ = {isa = PBXFileReference; lastKnownFileType = sourcecode.swift; path = CreateRecipeVC.swift; sourceTree = "<group>"; };
		2AA2520C2062BC9500BA9775 /* CreateRecipeForm.swift */ = {isa = PBXFileReference; lastKnownFileType = sourcecode.swift; path = CreateRecipeForm.swift; sourceTree = "<group>"; };
		2AA2521020647F6F00BA9775 /* TextInputView.swift */ = {isa = PBXFileReference; lastKnownFileType = sourcecode.swift; path = TextInputView.swift; sourceTree = "<group>"; };
		2AC67E2A2086A2F700C0E828 /* FiltersLauncher.swift */ = {isa = PBXFileReference; lastKnownFileType = sourcecode.swift; path = FiltersLauncher.swift; sourceTree = "<group>"; };
		2AD34F0C204F0AB3004F2EF3 /* User.swift */ = {isa = PBXFileReference; lastKnownFileType = sourcecode.swift; path = User.swift; sourceTree = "<group>"; };
		2AD34F0F204F0AE7004F2EF3 /* AccountAccessVC.swift */ = {isa = PBXFileReference; lastKnownFileType = sourcecode.swift; path = AccountAccessVC.swift; sourceTree = "<group>"; };
		2ADA49B620570EF70024C8EE /* SignUpVC.swift */ = {isa = PBXFileReference; lastKnownFileType = sourcecode.swift; path = SignUpVC.swift; sourceTree = "<group>"; };
		2ADA49B920572D240024C8EE /* OnboardingCell.swift */ = {isa = PBXFileReference; lastKnownFileType = sourcecode.swift; path = OnboardingCell.swift; sourceTree = "<group>"; };
		2ADA49BB20572DA20024C8EE /* Validator.swift */ = {isa = PBXFileReference; lastKnownFileType = sourcecode.swift; path = Validator.swift; sourceTree = "<group>"; };
		2AEF1C692056E667001DBB98 /* GradientButton.swift */ = {isa = PBXFileReference; lastKnownFileType = sourcecode.swift; path = GradientButton.swift; sourceTree = "<group>"; };
		60189EA893CAABDFABC71933 /* Pods-TastyTraveler.debug.xcconfig */ = {isa = PBXFileReference; includeInIndex = 1; lastKnownFileType = text.xcconfig; name = "Pods-TastyTraveler.debug.xcconfig"; path = "Pods/Target Support Files/Pods-TastyTraveler/Pods-TastyTraveler.debug.xcconfig"; sourceTree = "<group>"; };
		7DFE2A8B0B8A5D546F40C336 /* Pods_TastyTraveler.framework */ = {isa = PBXFileReference; explicitFileType = wrapper.framework; includeInIndex = 0; path = Pods_TastyTraveler.framework; sourceTree = BUILT_PRODUCTS_DIR; };
		F30569806C251D325498F90C /* Pods-TastyTraveler.release.xcconfig */ = {isa = PBXFileReference; includeInIndex = 1; lastKnownFileType = text.xcconfig; name = "Pods-TastyTraveler.release.xcconfig"; path = "Pods/Target Support Files/Pods-TastyTraveler/Pods-TastyTraveler.release.xcconfig"; sourceTree = "<group>"; };
/* End PBXFileReference section */

/* Begin PBXFrameworksBuildPhase section */
		2A805ADD2049BF45004BEEF3 /* Frameworks */ = {
			isa = PBXFrameworksBuildPhase;
			buildActionMask = 2147483647;
			files = (
				0B8E4AF661AB1469B5814402 /* Pods_TastyTraveler.framework in Frameworks */,
			);
			runOnlyForDeploymentPostprocessing = 0;
		};
/* End PBXFrameworksBuildPhase section */

/* Begin PBXGroup section */
		2A0B4DFA205997300056F7D5 /* Favorites */ = {
			isa = PBXGroup;
			children = (
				2A0B4E002059979B0056F7D5 /* FavoritesVC.swift */,
			);
			path = Favorites;
			sourceTree = "<group>";
		};
		2A0B4DFC205997580056F7D5 /* CreateRecipe */ = {
			isa = PBXGroup;
			children = (
				2AA252082062A7C300BA9775 /* CreateRecipeVC.swift */,
				2AA2520C2062BC9500BA9775 /* CreateRecipeForm.swift */,
				2AA2521020647F6F00BA9775 /* TextInputView.swift */,
			);
			path = CreateRecipe;
			sourceTree = "<group>";
		};
		2A0B4DFE2059977E0056F7D5 /* Notifications+Messages */ = {
			isa = PBXGroup;
			children = (
			);
			path = "Notifications+Messages";
			sourceTree = "<group>";
		};
		2A0B4DFF2059978A0056F7D5 /* Profile */ = {
			isa = PBXGroup;
			children = (
				2A0B4E062059B8ED0056F7D5 /* ProfileVC.swift */,
			);
			path = Profile;
			sourceTree = "<group>";
		};
		2A0B4E08205ACE8E0056F7D5 /* Views */ = {
			isa = PBXGroup;
			children = (
				2A0B4E09205ACEB20056F7D5 /* HomeHeaderView.swift */,
				2A0B4E0D205AFDDC0056F7D5 /* RecipeCell.swift */,
				2A665AC82069A0460014A464 /* TagCell.swift */,
			);
			path = Views;
			sourceTree = "<group>";
		};
		2A54A95E205076EF008255A9 /* Fonts */ = {
			isa = PBXGroup;
			children = (
				2A54A95F205076FA008255A9 /* proximanova-bold-webfont.ttf */,
				2A54A960205076FA008255A9 /* proximanova-light-webfont.ttf */,
				2A54A961205076FA008255A9 /* proximanova-regular-webfont.ttf */,
				2A54A962205076FB008255A9 /* proximanova-regularitalic-webfont.ttf */,
				2A54A963205076FB008255A9 /* proximanova-semibold-webfont.ttf */,
			);
			path = Fonts;
			sourceTree = "<group>";
		};
		2A665ACC206C156E0014A464 /* Storyboards */ = {
			isa = PBXGroup;
			children = (
				2A805AEC2049BF45004BEEF3 /* LaunchScreen.storyboard */,
				2A805AE72049BF45004BEEF3 /* Main.storyboard */,
			);
			path = Storyboards;
			sourceTree = "<group>";
		};
		2A665ACD206C16230014A464 /* CustomClasses */ = {
			isa = PBXGroup;
			children = (
				2A665AD1206C1C790014A464 /* RecipeHeaderView.swift */,
				2A0B4E0B205ACF210056F7D5 /* BaseCell.swift */,
				2A0B4E0F205B02050056F7D5 /* CustomImageView.swift */,
				2AEF1C692056E667001DBB98 /* GradientButton.swift */,
				2A665AD3206D8BBB0014A464 /* MenuBar.swift */,
				2A665AD5206D8ECD0014A464 /* AboutCell.swift */,
				2A665AD7206D8EE10014A464 /* IngredientsCell.swift */,
				2A665AD9206D8EF90014A464 /* DirectionsCell.swift */,
			);
			path = CustomClasses;
			sourceTree = "<group>";
		};
		2A665ACE206C16890014A464 /* Helpers */ = {
			isa = PBXGroup;
			children = (
				2A54A96F2051BFAA008255A9 /* Extensions.swift */,
				2A0B4DF6205988510056F7D5 /* Constants.swift */,
				2ADA49BB20572DA20024C8EE /* Validator.swift */,
			);
			path = Helpers;
			sourceTree = "<group>";
		};
		2A805AD72049BF45004BEEF3 = {
			isa = PBXGroup;
			children = (
				2A805AE22049BF45004BEEF3 /* TastyTraveler */,
				2A805AE12049BF45004BEEF3 /* Products */,
				8E5F7A210CD6F22053105C2A /* Pods */,
				DF5C646230B0DCD57A853355 /* Frameworks */,
			);
			sourceTree = "<group>";
		};
		2A805AE12049BF45004BEEF3 /* Products */ = {
			isa = PBXGroup;
			children = (
				2A805AE02049BF45004BEEF3 /* TastyTraveler.app */,
			);
			name = Products;
			sourceTree = "<group>";
		};
		2A805AE22049BF45004BEEF3 /* TastyTraveler */ = {
			isa = PBXGroup;
			children = (
				2A8133C72050672E0009016B /* AccountAccess */,
				2AEF1C682056DC8C001DBB98 /* Home */,
				2A0B4DFA205997300056F7D5 /* Favorites */,
				2A0B4DFC205997580056F7D5 /* CreateRecipe */,
				2A0B4DFE2059977E0056F7D5 /* Notifications+Messages */,
				2A0B4DFF2059978A0056F7D5 /* Profile */,
				2A805AE32049BF45004BEEF3 /* AppDelegate.swift */,
				2A665ACA2069B2F10014A464 /* FirebaseController.swift */,
				2A54A969205077CE008255A9 /* MainTabBarController.swift */,
				2A665ACF206C17D70014A464 /* RecipeDetailVC.swift */,
				2AD34F0B2049C902004F2EF3 /* Models */,
				2A665ACD206C16230014A464 /* CustomClasses */,
				2A665ACE206C16890014A464 /* Helpers */,
				2A8133C8205067ED0009016B /* TastyTraveler.entitlements */,
				2A805AEF2049BF45004BEEF3 /* Info.plist */,
				2A784E532049C00500A47C16 /* GoogleService-Info.plist */,
				2A784E512049BFFC00A47C16 /* GoogleService-Info-Dev.plist */,
				2A54A96D2051915A008255A9 /* Images.xcassets */,
				2A54A95E205076EF008255A9 /* Fonts */,
				2A665ACC206C156E0014A464 /* Storyboards */,
			);
			path = TastyTraveler;
			sourceTree = "<group>";
		};
		2A8133C72050672E0009016B /* AccountAccess */ = {
			isa = PBXGroup;
			children = (
				2ADA49B820572D0D0024C8EE /* Views */,
				2A54A96B20508408008255A9 /* OnboardingCollectionVC.swift */,
				2AD34F0F204F0AE7004F2EF3 /* AccountAccessVC.swift */,
				2A54A9712052E474008255A9 /* SignInVC.swift */,
				2ADA49B620570EF70024C8EE /* SignUpVC.swift */,
			);
			path = AccountAccess;
			sourceTree = "<group>";
		};
		2AD34F0B2049C902004F2EF3 /* Models */ = {
			isa = PBXGroup;
			children = (
				2AD34F0C204F0AB3004F2EF3 /* User.swift */,
				2AA251E820600DFC00BA9775 /* Recipe.swift */,
			);
			path = Models;
			sourceTree = "<group>";
		};
		2ADA49B820572D0D0024C8EE /* Views */ = {
			isa = PBXGroup;
			children = (
				2ADA49B920572D240024C8EE /* OnboardingCell.swift */,
			);
			path = Views;
			sourceTree = "<group>";
		};
		2AEF1C682056DC8C001DBB98 /* Home */ = {
			isa = PBXGroup;
			children = (
				2A0B4E08205ACE8E0056F7D5 /* Views */,
				2A0B4E042059A6BA0056F7D5 /* HomeVC.swift */,
				2AC67E2A2086A2F700C0E828 /* FiltersLauncher.swift */,
			);
			path = Home;
			sourceTree = "<group>";
		};
		8E5F7A210CD6F22053105C2A /* Pods */ = {
			isa = PBXGroup;
			children = (
				60189EA893CAABDFABC71933 /* Pods-TastyTraveler.debug.xcconfig */,
				F30569806C251D325498F90C /* Pods-TastyTraveler.release.xcconfig */,
			);
			name = Pods;
			sourceTree = "<group>";
		};
		DF5C646230B0DCD57A853355 /* Frameworks */ = {
			isa = PBXGroup;
			children = (
				7DFE2A8B0B8A5D546F40C336 /* Pods_TastyTraveler.framework */,
			);
			name = Frameworks;
			sourceTree = "<group>";
		};
/* End PBXGroup section */

/* Begin PBXNativeTarget section */
		2A805ADF2049BF45004BEEF3 /* TastyTraveler */ = {
			isa = PBXNativeTarget;
			buildConfigurationList = 2A805AF22049BF45004BEEF3 /* Build configuration list for PBXNativeTarget "TastyTraveler" */;
			buildPhases = (
				78E7D204FA1624F39825476C /* [CP] Check Pods Manifest.lock */,
				2A805ADC2049BF45004BEEF3 /* Sources */,
				2A805ADD2049BF45004BEEF3 /* Frameworks */,
				2A805ADE2049BF45004BEEF3 /* Resources */,
				A3C75D633A29689EEBF04C36 /* [CP] Embed Pods Frameworks */,
				ABFBDF8C60D2282ED95E0B08 /* [CP] Copy Pods Resources */,
			);
			buildRules = (
			);
			dependencies = (
			);
			name = TastyTraveler;
			productName = TastyTraveler;
			productReference = 2A805AE02049BF45004BEEF3 /* TastyTraveler.app */;
			productType = "com.apple.product-type.application";
		};
/* End PBXNativeTarget section */

/* Begin PBXProject section */
		2A805AD82049BF45004BEEF3 /* Project object */ = {
			isa = PBXProject;
			attributes = {
				LastSwiftUpdateCheck = 0920;
				LastUpgradeCheck = 0920;
				ORGANIZATIONNAME = "Michael Bart";
				TargetAttributes = {
					2A805ADF2049BF45004BEEF3 = {
						CreatedOnToolsVersion = 9.2;
						ProvisioningStyle = Automatic;
						SystemCapabilities = {
							com.apple.Push = {
								enabled = 1;
							};
						};
					};
				};
			};
			buildConfigurationList = 2A805ADB2049BF45004BEEF3 /* Build configuration list for PBXProject "TastyTraveler" */;
			compatibilityVersion = "Xcode 8.0";
			developmentRegion = en;
			hasScannedForEncodings = 0;
			knownRegions = (
				en,
				Base,
			);
			mainGroup = 2A805AD72049BF45004BEEF3;
			productRefGroup = 2A805AE12049BF45004BEEF3 /* Products */;
			projectDirPath = "";
			projectRoot = "";
			targets = (
				2A805ADF2049BF45004BEEF3 /* TastyTraveler */,
			);
		};
/* End PBXProject section */

/* Begin PBXResourcesBuildPhase section */
		2A805ADE2049BF45004BEEF3 /* Resources */ = {
			isa = PBXResourcesBuildPhase;
			buildActionMask = 2147483647;
			files = (
				2A54A966205076FB008255A9 /* proximanova-regular-webfont.ttf in Resources */,
				2A54A96E2051915A008255A9 /* Images.xcassets in Resources */,
				2A805AEE2049BF45004BEEF3 /* LaunchScreen.storyboard in Resources */,
				2A784E522049BFFC00A47C16 /* GoogleService-Info-Dev.plist in Resources */,
				2A784E542049C00500A47C16 /* GoogleService-Info.plist in Resources */,
				2A54A967205076FB008255A9 /* proximanova-regularitalic-webfont.ttf in Resources */,
				2A54A968205076FB008255A9 /* proximanova-semibold-webfont.ttf in Resources */,
				2A54A964205076FB008255A9 /* proximanova-bold-webfont.ttf in Resources */,
				2A805AE92049BF45004BEEF3 /* Main.storyboard in Resources */,
				2A54A965205076FB008255A9 /* proximanova-light-webfont.ttf in Resources */,
			);
			runOnlyForDeploymentPostprocessing = 0;
		};
/* End PBXResourcesBuildPhase section */

/* Begin PBXShellScriptBuildPhase section */
		78E7D204FA1624F39825476C /* [CP] Check Pods Manifest.lock */ = {
			isa = PBXShellScriptBuildPhase;
			buildActionMask = 2147483647;
			files = (
			);
			inputPaths = (
				"${PODS_PODFILE_DIR_PATH}/Podfile.lock",
				"${PODS_ROOT}/Manifest.lock",
			);
			name = "[CP] Check Pods Manifest.lock";
			outputPaths = (
				"$(DERIVED_FILE_DIR)/Pods-TastyTraveler-checkManifestLockResult.txt",
			);
			runOnlyForDeploymentPostprocessing = 0;
			shellPath = /bin/sh;
			shellScript = "diff \"${PODS_PODFILE_DIR_PATH}/Podfile.lock\" \"${PODS_ROOT}/Manifest.lock\" > /dev/null\nif [ $? != 0 ] ; then\n    # print error to STDERR\n    echo \"error: The sandbox is not in sync with the Podfile.lock. Run 'pod install' or update your CocoaPods installation.\" >&2\n    exit 1\nfi\n# This output is used by Xcode 'outputs' to avoid re-running this script phase.\necho \"SUCCESS\" > \"${SCRIPT_OUTPUT_FILE_0}\"\n";
			showEnvVarsInLog = 0;
		};
		A3C75D633A29689EEBF04C36 /* [CP] Embed Pods Frameworks */ = {
			isa = PBXShellScriptBuildPhase;
			buildActionMask = 2147483647;
			files = (
			);
			inputPaths = (
				"${SRCROOT}/Pods/Target Support Files/Pods-TastyTraveler/Pods-TastyTraveler-frameworks.sh",
				"${BUILT_PRODUCTS_DIR}/Bolts/Bolts.framework",
				"${BUILT_PRODUCTS_DIR}/CodableFirebase/CodableFirebase.framework",
				"${BUILT_PRODUCTS_DIR}/FBSDKCoreKit/FBSDKCoreKit.framework",
				"${BUILT_PRODUCTS_DIR}/FBSDKLoginKit/FBSDKLoginKit.framework",
				"${BUILT_PRODUCTS_DIR}/FBSDKShareKit/FBSDKShareKit.framework",
				"${BUILT_PRODUCTS_DIR}/FacebookCore/FacebookCore.framework",
				"${BUILT_PRODUCTS_DIR}/FacebookLogin/FacebookLogin.framework",
				"${BUILT_PRODUCTS_DIR}/FacebookShare/FacebookShare.framework",
				"${BUILT_PRODUCTS_DIR}/GTMSessionFetcher/GTMSessionFetcher.framework",
				"${BUILT_PRODUCTS_DIR}/GoogleToolboxForMac/GoogleToolboxForMac.framework",
				"${BUILT_PRODUCTS_DIR}/Hero/Hero.framework",
				"${BUILT_PRODUCTS_DIR}/Protobuf/Protobuf.framework",
				"${BUILT_PRODUCTS_DIR}/RSKImageCropper/RSKImageCropper.framework",
				"${BUILT_PRODUCTS_DIR}/SVProgressHUD/SVProgressHUD.framework",
				"${BUILT_PRODUCTS_DIR}/SteviaLayout/Stevia.framework",
				"${BUILT_PRODUCTS_DIR}/leveldb-library/leveldb.framework",
				"${BUILT_PRODUCTS_DIR}/nanopb/nanopb.framework",
			);
			name = "[CP] Embed Pods Frameworks";
			outputPaths = (
				"${TARGET_BUILD_DIR}/${FRAMEWORKS_FOLDER_PATH}/Bolts.framework",
				"${TARGET_BUILD_DIR}/${FRAMEWORKS_FOLDER_PATH}/CodableFirebase.framework",
				"${TARGET_BUILD_DIR}/${FRAMEWORKS_FOLDER_PATH}/FBSDKCoreKit.framework",
				"${TARGET_BUILD_DIR}/${FRAMEWORKS_FOLDER_PATH}/FBSDKLoginKit.framework",
				"${TARGET_BUILD_DIR}/${FRAMEWORKS_FOLDER_PATH}/FBSDKShareKit.framework",
				"${TARGET_BUILD_DIR}/${FRAMEWORKS_FOLDER_PATH}/FacebookCore.framework",
				"${TARGET_BUILD_DIR}/${FRAMEWORKS_FOLDER_PATH}/FacebookLogin.framework",
				"${TARGET_BUILD_DIR}/${FRAMEWORKS_FOLDER_PATH}/FacebookShare.framework",
				"${TARGET_BUILD_DIR}/${FRAMEWORKS_FOLDER_PATH}/GTMSessionFetcher.framework",
				"${TARGET_BUILD_DIR}/${FRAMEWORKS_FOLDER_PATH}/GoogleToolboxForMac.framework",
				"${TARGET_BUILD_DIR}/${FRAMEWORKS_FOLDER_PATH}/Hero.framework",
				"${TARGET_BUILD_DIR}/${FRAMEWORKS_FOLDER_PATH}/Protobuf.framework",
				"${TARGET_BUILD_DIR}/${FRAMEWORKS_FOLDER_PATH}/RSKImageCropper.framework",
				"${TARGET_BUILD_DIR}/${FRAMEWORKS_FOLDER_PATH}/SVProgressHUD.framework",
				"${TARGET_BUILD_DIR}/${FRAMEWORKS_FOLDER_PATH}/Stevia.framework",
				"${TARGET_BUILD_DIR}/${FRAMEWORKS_FOLDER_PATH}/leveldb.framework",
				"${TARGET_BUILD_DIR}/${FRAMEWORKS_FOLDER_PATH}/nanopb.framework",
			);
			runOnlyForDeploymentPostprocessing = 0;
			shellPath = /bin/sh;
			shellScript = "\"${SRCROOT}/Pods/Target Support Files/Pods-TastyTraveler/Pods-TastyTraveler-frameworks.sh\"\n";
			showEnvVarsInLog = 0;
		};
		ABFBDF8C60D2282ED95E0B08 /* [CP] Copy Pods Resources */ = {
			isa = PBXShellScriptBuildPhase;
			buildActionMask = 2147483647;
			files = (
			);
			inputPaths = (
			);
			name = "[CP] Copy Pods Resources";
			outputPaths = (
			);
			runOnlyForDeploymentPostprocessing = 0;
			shellPath = /bin/sh;
			shellScript = "\"${SRCROOT}/Pods/Target Support Files/Pods-TastyTraveler/Pods-TastyTraveler-resources.sh\"\n";
			showEnvVarsInLog = 0;
		};
/* End PBXShellScriptBuildPhase section */

/* Begin PBXSourcesBuildPhase section */
		2A805ADC2049BF45004BEEF3 /* Sources */ = {
			isa = PBXSourcesBuildPhase;
			buildActionMask = 2147483647;
			files = (
				2A665ACB2069B2F10014A464 /* FirebaseController.swift in Sources */,
				2A0B4E072059B8ED0056F7D5 /* ProfileVC.swift in Sources */,
				2AD34F10204F0AE7004F2EF3 /* AccountAccessVC.swift in Sources */,
				2A0B4E052059A6BA0056F7D5 /* HomeVC.swift in Sources */,
				2A665AD6206D8ECD0014A464 /* AboutCell.swift in Sources */,
				2AA2520D2062BC9500BA9775 /* CreateRecipeForm.swift in Sources */,
				2A0B4E0E205AFDDC0056F7D5 /* RecipeCell.swift in Sources */,
				2ADA49B720570EF70024C8EE /* SignUpVC.swift in Sources */,
				2AEF1C6A2056E667001DBB98 /* GradientButton.swift in Sources */,
				2A54A9702051BFAA008255A9 /* Extensions.swift in Sources */,
				2A0B4E012059979B0056F7D5 /* FavoritesVC.swift in Sources */,
				2AA2521120647F6F00BA9775 /* TextInputView.swift in Sources */,
				2A54A96A205077CE008255A9 /* MainTabBarController.swift in Sources */,
				2ADA49BC20572DA20024C8EE /* Validator.swift in Sources */,
				2A805AE42049BF45004BEEF3 /* AppDelegate.swift in Sources */,
				2AA252092062A7C300BA9775 /* CreateRecipeVC.swift in Sources */,
				2A665AD2206C1C790014A464 /* RecipeHeaderView.swift in Sources */,
				2ADA49BA20572D240024C8EE /* OnboardingCell.swift in Sources */,
				2A0B4E10205B02050056F7D5 /* CustomImageView.swift in Sources */,
				2A0B4E0C205ACF210056F7D5 /* BaseCell.swift in Sources */,
				2A54A9722052E474008255A9 /* SignInVC.swift in Sources */,
				2A665ADA206D8EF90014A464 /* DirectionsCell.swift in Sources */,
				2A0B4E0A205ACEB20056F7D5 /* HomeHeaderView.swift in Sources */,
				2A665AD8206D8EE10014A464 /* IngredientsCell.swift in Sources */,
				2AD34F0D204F0AB3004F2EF3 /* User.swift in Sources */,
				2A665AC92069A0460014A464 /* TagCell.swift in Sources */,
				2A54A96C20508408008255A9 /* OnboardingCollectionVC.swift in Sources */,
				2AC67E2B2086A2F700C0E828 /* FiltersLauncher.swift in Sources */,
				2A0B4DF7205988510056F7D5 /* Constants.swift in Sources */,
				2AA251E920600DFC00BA9775 /* Recipe.swift in Sources */,
				2A665AD4206D8BBB0014A464 /* MenuBar.swift in Sources */,
				2A665AD0206C17D70014A464 /* RecipeDetailVC.swift in Sources */,
			);
			runOnlyForDeploymentPostprocessing = 0;
		};
/* End PBXSourcesBuildPhase section */

/* Begin PBXVariantGroup section */
		2A805AE72049BF45004BEEF3 /* Main.storyboard */ = {
			isa = PBXVariantGroup;
			children = (
				2A805AE82049BF45004BEEF3 /* Base */,
			);
			name = Main.storyboard;
			sourceTree = "<group>";
		};
		2A805AEC2049BF45004BEEF3 /* LaunchScreen.storyboard */ = {
			isa = PBXVariantGroup;
			children = (
				2A805AED2049BF45004BEEF3 /* Base */,
			);
			name = LaunchScreen.storyboard;
			sourceTree = "<group>";
		};
/* End PBXVariantGroup section */

/* Begin XCBuildConfiguration section */
		2A805AF02049BF45004BEEF3 /* Debug */ = {
			isa = XCBuildConfiguration;
			buildSettings = {
				ALWAYS_SEARCH_USER_PATHS = NO;
				CLANG_ANALYZER_NONNULL = YES;
				CLANG_ANALYZER_NUMBER_OBJECT_CONVERSION = YES_AGGRESSIVE;
				CLANG_CXX_LANGUAGE_STANDARD = "gnu++14";
				CLANG_CXX_LIBRARY = "libc++";
				CLANG_ENABLE_MODULES = YES;
				CLANG_ENABLE_OBJC_ARC = YES;
				CLANG_WARN_BLOCK_CAPTURE_AUTORELEASING = YES;
				CLANG_WARN_BOOL_CONVERSION = YES;
				CLANG_WARN_COMMA = YES;
				CLANG_WARN_CONSTANT_CONVERSION = YES;
				CLANG_WARN_DIRECT_OBJC_ISA_USAGE = YES_ERROR;
				CLANG_WARN_DOCUMENTATION_COMMENTS = YES;
				CLANG_WARN_EMPTY_BODY = YES;
				CLANG_WARN_ENUM_CONVERSION = YES;
				CLANG_WARN_INFINITE_RECURSION = YES;
				CLANG_WARN_INT_CONVERSION = YES;
				CLANG_WARN_NON_LITERAL_NULL_CONVERSION = YES;
				CLANG_WARN_OBJC_LITERAL_CONVERSION = YES;
				CLANG_WARN_OBJC_ROOT_CLASS = YES_ERROR;
				CLANG_WARN_RANGE_LOOP_ANALYSIS = YES;
				CLANG_WARN_STRICT_PROTOTYPES = YES;
				CLANG_WARN_SUSPICIOUS_MOVE = YES;
				CLANG_WARN_UNGUARDED_AVAILABILITY = YES_AGGRESSIVE;
				CLANG_WARN_UNREACHABLE_CODE = YES;
				CLANG_WARN__DUPLICATE_METHOD_MATCH = YES;
				CODE_SIGN_IDENTITY = "iPhone Developer";
				COPY_PHASE_STRIP = NO;
				DEBUG_INFORMATION_FORMAT = dwarf;
				ENABLE_STRICT_OBJC_MSGSEND = YES;
				ENABLE_TESTABILITY = YES;
				GCC_C_LANGUAGE_STANDARD = gnu11;
				GCC_DYNAMIC_NO_PIC = NO;
				GCC_NO_COMMON_BLOCKS = YES;
				GCC_OPTIMIZATION_LEVEL = 0;
				GCC_PREPROCESSOR_DEFINITIONS = (
					"DEBUG=1",
					"$(inherited)",
				);
				GCC_WARN_64_TO_32_BIT_CONVERSION = YES;
				GCC_WARN_ABOUT_RETURN_TYPE = YES_ERROR;
				GCC_WARN_UNDECLARED_SELECTOR = YES;
				GCC_WARN_UNINITIALIZED_AUTOS = YES_AGGRESSIVE;
				GCC_WARN_UNUSED_FUNCTION = YES;
				GCC_WARN_UNUSED_VARIABLE = YES;
				IPHONEOS_DEPLOYMENT_TARGET = 11.2;
				MTL_ENABLE_DEBUG_INFO = YES;
				ONLY_ACTIVE_ARCH = YES;
				SDKROOT = iphoneos;
				SWIFT_ACTIVE_COMPILATION_CONDITIONS = DEBUG;
				SWIFT_OPTIMIZATION_LEVEL = "-Onone";
			};
			name = Debug;
		};
		2A805AF12049BF45004BEEF3 /* Release */ = {
			isa = XCBuildConfiguration;
			buildSettings = {
				ALWAYS_SEARCH_USER_PATHS = NO;
				CLANG_ANALYZER_NONNULL = YES;
				CLANG_ANALYZER_NUMBER_OBJECT_CONVERSION = YES_AGGRESSIVE;
				CLANG_CXX_LANGUAGE_STANDARD = "gnu++14";
				CLANG_CXX_LIBRARY = "libc++";
				CLANG_ENABLE_MODULES = YES;
				CLANG_ENABLE_OBJC_ARC = YES;
				CLANG_WARN_BLOCK_CAPTURE_AUTORELEASING = YES;
				CLANG_WARN_BOOL_CONVERSION = YES;
				CLANG_WARN_COMMA = YES;
				CLANG_WARN_CONSTANT_CONVERSION = YES;
				CLANG_WARN_DIRECT_OBJC_ISA_USAGE = YES_ERROR;
				CLANG_WARN_DOCUMENTATION_COMMENTS = YES;
				CLANG_WARN_EMPTY_BODY = YES;
				CLANG_WARN_ENUM_CONVERSION = YES;
				CLANG_WARN_INFINITE_RECURSION = YES;
				CLANG_WARN_INT_CONVERSION = YES;
				CLANG_WARN_NON_LITERAL_NULL_CONVERSION = YES;
				CLANG_WARN_OBJC_LITERAL_CONVERSION = YES;
				CLANG_WARN_OBJC_ROOT_CLASS = YES_ERROR;
				CLANG_WARN_RANGE_LOOP_ANALYSIS = YES;
				CLANG_WARN_STRICT_PROTOTYPES = YES;
				CLANG_WARN_SUSPICIOUS_MOVE = YES;
				CLANG_WARN_UNGUARDED_AVAILABILITY = YES_AGGRESSIVE;
				CLANG_WARN_UNREACHABLE_CODE = YES;
				CLANG_WARN__DUPLICATE_METHOD_MATCH = YES;
				CODE_SIGN_IDENTITY = "iPhone Developer";
				COPY_PHASE_STRIP = NO;
				DEBUG_INFORMATION_FORMAT = "dwarf-with-dsym";
				ENABLE_NS_ASSERTIONS = NO;
				ENABLE_STRICT_OBJC_MSGSEND = YES;
				GCC_C_LANGUAGE_STANDARD = gnu11;
				GCC_NO_COMMON_BLOCKS = YES;
				GCC_WARN_64_TO_32_BIT_CONVERSION = YES;
				GCC_WARN_ABOUT_RETURN_TYPE = YES_ERROR;
				GCC_WARN_UNDECLARED_SELECTOR = YES;
				GCC_WARN_UNINITIALIZED_AUTOS = YES_AGGRESSIVE;
				GCC_WARN_UNUSED_FUNCTION = YES;
				GCC_WARN_UNUSED_VARIABLE = YES;
				IPHONEOS_DEPLOYMENT_TARGET = 11.2;
				MTL_ENABLE_DEBUG_INFO = NO;
				SDKROOT = iphoneos;
				SWIFT_OPTIMIZATION_LEVEL = "-Owholemodule";
				VALIDATE_PRODUCT = YES;
			};
			name = Release;
		};
		2A805AF32049BF45004BEEF3 /* Debug */ = {
			isa = XCBuildConfiguration;
			baseConfigurationReference = 60189EA893CAABDFABC71933 /* Pods-TastyTraveler.debug.xcconfig */;
			buildSettings = {
				ASSETCATALOG_COMPILER_APPICON_NAME = AppIcon;
				CODE_SIGN_ENTITLEMENTS = TastyTraveler/TastyTraveler.entitlements;
				CODE_SIGN_STYLE = Automatic;
				DEVELOPMENT_TEAM = 88M8AT4J5D;
				INFOPLIST_FILE = TastyTraveler/Info.plist;
				IPHONEOS_DEPLOYMENT_TARGET = 11.0;
				LD_RUNPATH_SEARCH_PATHS = "$(inherited) @executable_path/Frameworks";
				PRODUCT_BUNDLE_IDENTIFIER = com.MichaelBart.TastyTraveler;
				PRODUCT_NAME = "$(TARGET_NAME)";
				SWIFT_VERSION = 4.0;
				TARGETED_DEVICE_FAMILY = 1;
			};
			name = Debug;
		};
		2A805AF42049BF45004BEEF3 /* Release */ = {
			isa = XCBuildConfiguration;
			baseConfigurationReference = F30569806C251D325498F90C /* Pods-TastyTraveler.release.xcconfig */;
			buildSettings = {
				ASSETCATALOG_COMPILER_APPICON_NAME = AppIcon;
				CODE_SIGN_ENTITLEMENTS = TastyTraveler/TastyTraveler.entitlements;
				CODE_SIGN_STYLE = Automatic;
				DEVELOPMENT_TEAM = 88M8AT4J5D;
				INFOPLIST_FILE = TastyTraveler/Info.plist;
				IPHONEOS_DEPLOYMENT_TARGET = 11.0;
				LD_RUNPATH_SEARCH_PATHS = "$(inherited) @executable_path/Frameworks";
				PRODUCT_BUNDLE_IDENTIFIER = com.MichaelBart.TastyTraveler;
				PRODUCT_NAME = "$(TARGET_NAME)";
				SWIFT_VERSION = 4.0;
				TARGETED_DEVICE_FAMILY = 1;
			};
			name = Release;
		};
/* End XCBuildConfiguration section */

/* Begin XCConfigurationList section */
		2A805ADB2049BF45004BEEF3 /* Build configuration list for PBXProject "TastyTraveler" */ = {
			isa = XCConfigurationList;
			buildConfigurations = (
				2A805AF02049BF45004BEEF3 /* Debug */,
				2A805AF12049BF45004BEEF3 /* Release */,
			);
			defaultConfigurationIsVisible = 0;
			defaultConfigurationName = Release;
		};
		2A805AF22049BF45004BEEF3 /* Build configuration list for PBXNativeTarget "TastyTraveler" */ = {
			isa = XCConfigurationList;
			buildConfigurations = (
				2A805AF32049BF45004BEEF3 /* Debug */,
				2A805AF42049BF45004BEEF3 /* Release */,
			);
			defaultConfigurationIsVisible = 0;
			defaultConfigurationName = Release;
		};
/* End XCConfigurationList section */
	};
	rootObject = 2A805AD82049BF45004BEEF3 /* Project object */;
}
